
Microsoft Visual Studio Solution File, Format Version 12.00
# Visual Studio Version 16
VisualStudioVersion = 16.0.33027.164
MinimumVisualStudioVersion = 10.0.40219.1
Project("{FAE04EC0-301F-11D3-BF4B-00C04F79EFBC}") = "HotelWebsite", "HotelWebsite\HotelWebsite.csproj", "{087BD5B4-D963-41C8-B69A-77EC3B124FDE}"
EndProject
Global
	GlobalSection(SolutionConfigurationPlatforms) = preSolution
		Debug|Any CPU = Debug|Any CPU
		Release|Any CPU = Release|Any CPU
	EndGlobalSection
	GlobalSection(ProjectConfigurationPlatforms) = postSolution
		{087BD5B4-D963-41C8-B69A-77EC3B124FDE}.Debug|Any CPU.ActiveCfg = Debug|Any CPU
		{087BD5B4-D963-41C8-B69A-77EC3B124FDE}.Debug|Any CPU.Build.0 = Debug|Any CPU
		{087BD5B4-D963-41C8-B69A-77EC3B124FDE}.Release|Any CPU.ActiveCfg = Release|Any CPU
		{087BD5B4-D963-41C8-B69A-77EC3B124FDE}.Release|Any CPU.Build.0 = Release|Any CPU
	EndGlobalSection
	GlobalSection(SolutionProperties) = preSolution
		HideSolutionNode = FALSE
	EndGlobalSection
	GlobalSection(ExtensibilityGlobals) = postSolution
		SolutionGuid = {085C2241-0EDF-46DD-904D-1B4E96B7DA65}
	EndGlobalSection
EndGlobal
